<?xml version="1.0" encoding="utf-8"?>
<Project ToolsVersion="4.0" xmlns="http://schemas.microsoft.com/developer/msbuild/2003">
  <ItemGroup>
    <Filter Include="Source Files">
      <UniqueIdentifier>{4FC737F1-C7A5-4376-A066-2A32D752A2FF}</UniqueIdentifier>
      <Extensions>cpp;c;cc;cxx;c++;cppm;ixx;def;odl;idl;hpj;bat;asm;asmx</Extensions>
    </Filter>
    <Filter Include="Header Files">
      <UniqueIdentifier>{93995380-89BD-4b04-88EB-625FBE52EBFB}</UniqueIdentifier>
      <Extensions>h;hh;hpp;hxx;h++;hm;inl;inc;ipp;xsd</Extensions>
    </Filter>
    <Filter Include="Resource Files">
      <UniqueIdentifier>{67DA6AB6-F800-4c08-8B7A-83BB121AAD01}</UniqueIdentifier>
      <Extensions>rc;ico;cur;bmp;dlg;rc2;rct;bin;rgs;gif;jpg;jpeg;jpe;resx;tiff;tif;png;wav;mfcribbon-ms</Extensions>
    </Filter>
  </ItemGroup>
  <ItemGroup>
    <ClInclude Include="LoginForm.h">
      <Filter>Header Files</Filter>
    </ClInclude>
    <ClInclude Include="constants.h">
      <Filter>Header Files</Filter>
    </ClInclude>
    <ClInclude Include="session.h">
      <Filter>Header Files</Filter>
    </ClInclude>
    <ClInclude Include="shared.h">
      <Filter>Header Files</Filter>
    </ClInclude>
    <ClInclude Include="AdminDashboardForm.h">
      <Filter>Header Files</Filter>
    </ClInclude>
    <ClInclude Include="BestSellersForm.h">
      <Filter>Header Files</Filter>
    </ClInclude>
    <ClInclude Include="PaymentMethodForm.h">
      <Filter>Header Files</Filter>
    </ClInclude>
    <ClInclude Include="SalesReportForm.h">
      <Filter>Header Files</Filter>
    </ClInclude>
    <ClInclude Include="SettingsForm.h">
      <Filter>Header Files</Filter>
    </ClInclude>
    <ClInclude Include="AddProductForm.h">
      <Filter>Header Files</Filter>
    </ClInclude>
    <ClInclude Include="EditProductForm.h">
      <Filter>Header Files</Filter>
    </ClInclude>
    <ClInclude Include="product.h">
      <Filter>Header Files</Filter>
    </ClInclude>
    <ClInclude Include="ProductsForm.h">
      <Filter>Header Files</Filter>
    </ClInclude>
    <ClInclude Include="SearchProductForm.h">
      <Filter>Header Files</Filter>
    </ClInclude>
    <ClInclude Include="StockAlertForm.h">
      <Filter>Header Files</Filter>
    </ClInclude>
    <ClInclude Include="UserProductView.h">
      <Filter>Header Files</Filter>
    </ClInclude>
    <ClInclude Include="database.h">
      <Filter>Header Files</Filter>
    </ClInclude>
    <ClInclude Include="PaymentForm.h">
      <Filter>Header Files</Filter>
    </ClInclude>
    <ClInclude Include="ReceiptForm.h">
      <Filter>Header Files</Filter>
    </ClInclude>
    <ClInclude Include="BillingForm.h">
      <Filter>Header Files</Filter>
    </ClInclude>
    <ClInclude Include="CartForm.h">
      <Filter>Header Files</Filter>
    </ClInclude>
    <ClInclude Include="SearchForm.h">
      <Filter>Header Files</Filter>
    </ClInclude>
    <ClInclude Include="ChangePasswordForm.h">
      <Filter>Header Files</Filter>
    </ClInclude>
    <ClInclude Include="UserDB.h">
      <Filter>Header Files</Filter>
    </ClInclude>
    <ClInclude Include="UserManageForm.h">
      <Filter>Header Files</Filter>
    </ClInclude>
    <ClInclude Include="Users.h">
      <Filter>Header Files</Filter>
    </ClInclude>
    <ClInclude Include="BillHistoryForm.h">
      <Filter>Header Files</Filter>
    </ClInclude>
  </ItemGroup>
  <ItemGroup>
    <ClCompile Include="LoginForm.cpp">
      <Filter>Source Files</Filter>
    </ClCompile>
    <ClCompile Include="main.cpp">
      <Filter>Source Files</Filter>
    </ClCompile>
    <ClCompile Include="AdminDashboardForm.cpp">
      <Filter>Source Files</Filter>
    </ClCompile>
    <ClCompile Include="BestSellersForm.cpp">
      <Filter>Source Files</Filter>
    </ClCompile>
    <ClCompile Include="PaymentMethodForm.cpp">
      <Filter>Source Files</Filter>
    </ClCompile>
    <ClCompile Include="SalesReportForm.cpp">
      <Filter>Source Files</Filter>
    </ClCompile>
    <ClCompile Include="SettingsForm.cpp">
      <Filter>Source Files</Filter>
    </ClCompile>
    <ClCompile Include="product.cpp">
      <Filter>Header Files</Filter>
    </ClCompile>
    <ClCompile Include="ProductForm.cpp">
      <Filter>Header Files</Filter>
    </ClCompile>
    <ClCompile Include="StockAlertForm.cpp">
      <Filter>Header Files</Filter>
    </ClCompile>
    <ClCompile Include="constants.cpp">
      <Filter>Source Files</Filter>
    </ClCompile>
    <ClCompile Include="PaymentForm.cpp">
      <Filter>Source Files</Filter>
    </ClCompile>
    <ClCompile Include="ReceiptForm.cpp">
      <Filter>Source Files</Filter>
    </ClCompile>
    <ClCompile Include="BillingForm.cpp">
      <Filter>Source Files</Filter>
    </ClCompile>
    <ClCompile Include="CartForm.cpp">
      <Filter>Source Files</Filter>
    </ClCompile>
    <ClCompile Include="ChangePasswordForm.cpp">
      <Filter>Source Files</Filter>
    </ClCompile>
    <ClCompile Include="UserDB.cpp">
      <Filter>Source Files</Filter>
    </ClCompile>
    <ClCompile Include="UserManageForm.cpp">
      <Filter>Source Files</Filter>
    </ClCompile>
    <ClCompile Include="Users.cpp">
      <Filter>Source Files</Filter>
    </ClCompile>
    <ClCompile Include="BillHistoryForm.cpp">
      <Filter>Source Files</Filter>
    </ClCompile>
  </ItemGroup>
  <ItemGroup>
    <None Include="schema.sql">
      <Filter>Header Files</Filter>
    </None>
    <None Include="reports.sql" />
  </ItemGroup>
  <ItemGroup>
    <EmbeddedResource Include="ProductsForm.resx">
      <Filter>Header Files</Filter>
    </EmbeddedResource>
    <EmbeddedResource Include="BillingForm.resx">
      <Filter>Resource Files</Filter>
    </EmbeddedResource>
    <EmbeddedResource Include="CartForm.resx">
      <Filter>Resource Files</Filter>
    </EmbeddedResource>
  </ItemGroup>
</Project>